
Microsoft Visual Studio Solution File, Format Version 12.00
# Visual Studio Version 17
VisualStudioVersion = 17.3.32901.215
MinimumVisualStudioVersion = 10.0.40219.1
Project("{FAE04EC0-301F-11D3-BF4B-00C04F79EFBC}") = "Manager.Orders", "Manager.Orders\Manager.Orders.csproj", "{1674308E-EEA8-4FF7-B1F6-830263473EF5}"
EndProject
Global
	GlobalSection(SolutionConfigurationPlatforms) = preSolution
		Debug|Any CPU = Debug|Any CPU
		Release|Any CPU = Release|Any CPU
	EndGlobalSection
	GlobalSection(ProjectConfigurationPlatforms) = postSolution
		{1674308E-EEA8-4FF7-B1F6-830263473EF5}.Debug|Any CPU.ActiveCfg = Debug|Any CPU
		{1674308E-EEA8-4FF7-B1F6-830263473EF5}.Debug|Any CPU.Build.0 = Debug|Any CPU
		{1674308E-EEA8-4FF7-B1F6-830263473EF5}.Release|Any CPU.ActiveCfg = Release|Any CPU
		{1674308E-EEA8-4FF7-B1F6-830263473EF5}.Release|Any CPU.Build.0 = Release|Any CPU
	EndGlobalSection
	GlobalSection(SolutionProperties) = preSolution
		HideSolutionNode = FALSE
	EndGlobalSection
	GlobalSection(ExtensibilityGlobals) = postSolution
		SolutionGuid = {4B63D39A-981E-4A24-BD0F-36EC421D0D99}
	EndGlobalSection
EndGlobal
